
Microsoft Visual Studio Solution File, Format Version 12.00
# Visual Studio 15
VisualStudioVersion = 15.0.27004.2005
MinimumVisualStudioVersion = 10.0.40219.1
Project("{FAE04EC0-301F-11D3-BF4B-00C04F79EFBC}") = "TestProje", "TestProje\TestProje.csproj", "{221B3361-837F-4595-A950-017829F8F263}"
EndProject
Global
	GlobalSection(SolutionConfigurationPlatforms) = preSolution
		Debug|Any CPU = Debug|Any CPU
		Release|Any CPU = Release|Any CPU
	EndGlobalSection
	GlobalSection(ProjectConfigurationPlatforms) = postSolution
		{221B3361-837F-4595-A950-017829F8F263}.Debug|Any CPU.ActiveCfg = Debug|Any CPU
		{221B3361-837F-4595-A950-017829F8F263}.Debug|Any CPU.Build.0 = Debug|Any CPU
		{221B3361-837F-4595-A950-017829F8F263}.Release|Any CPU.ActiveCfg = Release|Any CPU
		{221B3361-837F-4595-A950-017829F8F263}.Release|Any CPU.Build.0 = Release|Any CPU
	EndGlobalSection
	GlobalSection(SolutionProperties) = preSolution
		HideSolutionNode = FALSE
	EndGlobalSection
	GlobalSection(ExtensibilityGlobals) = postSolution
		SolutionGuid = {802AD4B0-2588-41C8-A84F-331231605A9C}
	EndGlobalSection
EndGlobal
